// !$*UTF8*$!
{
	archiveVersion = 1;
	classes = {
	};
	objectVersion = 77;
	objects = {

/* Begin PBXContainerItemProxy section */
		30E1A31A2F4866FE007A7B80 /* PBXContainerItemProxy */ = {
			isa = PBXContainerItemProxy;
			containerPortal = 30E1A3002F4866FC007A7B80 /* Project object */;
			proxyType = 1;
			remoteGlobalIDString = 30E1A3072F4866FC007A7B80;
			remoteInfo = SimpleNotepad;
		};
		30E1A3242F4866FE007A7B80 /* PBXContainerItemProxy */ = {
			isa = PBXContainerItemProxy;
			containerPortal = 30E1A3002F4866FC007A7B80 /* Project object */;
			proxyType = 1;
			remoteGlobalIDString = 30E1A3072F4866FC007A7B80;
			remoteInfo = SimpleNotepad;
		};
/* End PBXContainerItemProxy section */

/* Begin PBXFileReference section */
		30E1A3082F4866FC007A7B80 /* SimpleNotepad.app */ = {isa = PBXFileReference; explicitFileType = wrapper.application; includeInIndex = 0; path = SimpleNotepad.app; sourceTree = BUILT_PRODUCTS_DIR; };
		30E1A3192F4866FE007A7B80 /* SimpleNotepadTests.xctest */ = {isa = PBXFileReference; explicitFileType = wrapper.cfbundle; includeInIndex = 0; path = SimpleNotepadTests.xctest; sourceTree = BUILT_PRODUCTS_DIR; };
		30E1A3232F4866FE007A7B80 /* SimpleNotepadUITests.xctest */ = {isa = PBXFileReference; explicitFileType = wrapper.cfbundle; includeInIndex = 0; path = SimpleNotepadUITests.xctest; sourceTree = BUILT_PRODUCTS_DIR; };
/* End PBXFileReference section */

/* Begin PBXFileSystemSynchronizedRootGroup section */
		30E1A30A2F4866FC007A7B80 /* SimpleNotepad */ = {
			isa = PBXFileSystemSynchronizedRootGroup;
			path = SimpleNotepad;
			sourceTree = "<group>";
		};
		30E1A31C2F4866FE007A7B80 /* SimpleNotepadTests */ = {
			isa = PBXFileSystemSynchronizedRootGroup;
			path = SimpleNotepadTests;
			sourceTree = "<group>";
		};
		30E1A3262F4866FE007A7B80 /* SimpleNotepadUITests */ = {
			isa = PBXFileSystemSynchronizedRootGroup;
			path = SimpleNotepadUITests;
			sourceTree = "<group>";
		};
/* End PBXFileSystemSynchronizedRootGroup section */

/* Begin PBXFrameworksBuildPhase section */
		30E1A3052F4866FC007A7B80 /* Frameworks */ = {
			isa = PBXFrameworksBuildPhase;
			buildActionMask = 2147483647;
			files = (
			);
			runOnlyForDeploymentPostprocessing = 0;
		};
		30E1A3162F4866FE007A7B80 /* Frameworks */ = {
			isa = PBXFrameworksBuildPhase;
			buildActionMask = 2147483647;
			files = (
			);
			runOnlyForDeploymentPostprocessing = 0;
		};
		30E1A3202F4866FE007A7B80 /* Frameworks */ = {
			isa = PBXFrameworksBuildPhase;
			buildActionMask = 2147483647;
			files = (
			);
			runOnlyForDeploymentPostprocessing = 0;
		};
/* End PBXFrameworksBuildPhase section */

/* Begin PBXGroup section */
		30E1A2FF2F4866FC007A7B80 = {
			isa = PBXGroup;
			children = (
				30E1A30A2F4866FC007A7B80 /* SimpleNotepad */,
				30E1A31C2F4866FE007A7B80 /* SimpleNotepadTests */,
				30E1A3262F4866FE007A7B80 /* SimpleNotepadUITests */,
				30E1A3092F4866FC007A7B80 /* Products */,
			);
			sourceTree = "<group>";
		};
		30E1A3092F4866FC007A7B80 /* Products */ = {
			isa = PBXGroup;
			children = (
				30E1A3082F4866FC007A7B80 /* SimpleNotepad.app */,
				30E1A3192F4866FE007A7B80 /* SimpleNotepadTests.xctest */,
				30E1A3232F4866FE007A7B80 /* SimpleNotepadUITests.xctest */,
			);
			name = Products;
			sourceTree = "<group>";
		};
/* End PBXGroup section */

/* Begin PBXNativeTarget section */
		30E1A3072F4866FC007A7B80 /* SimpleNotepad */ = {
			isa = PBXNativeTarget;
			buildConfigurationList = 30E1A32D2F4866FE007A7B80 /* Build configuration list for PBXNativeTarget "SimpleNotepad" */;
			buildPhases = (
				30E1A3042F4866FC007A7B80 /* Sources */,
				30E1A3052F4866FC007A7B80 /* Frameworks */,
				30E1A3062F4866FC007A7B80 /* Resources */,
			);
			buildRules = (
			);
			dependencies = (
			);
			fileSystemSynchronizedGroups = (
				30E1A30A2F4866FC007A7B80 /* SimpleNotepad */,
			);
			name = SimpleNotepad;
			packageProductDependencies = (
			);
			productName = SimpleNotepad;
			productReference = 30E1A3082F4866FC007A7B80 /* SimpleNotepad.app */;
			productType = "com.apple.product-type.application";
		};
		30E1A3182F4866FE007A7B80 /* SimpleNotepadTests */ = {
			isa = PBXNativeTarget;
			buildConfigurationList = 30E1A3302F4866FE007A7B80 /* Build configuration list for PBXNativeTarget "SimpleNotepadTests" */;
			buildPhases = (
				30E1A3152F4866FE007A7B80 /* Sources */,
				30E1A3162F4866FE007A7B80 /* Frameworks */,
				30E1A3172F4866FE007A7B80 /* Resources */,
			);
			buildRules = (
			);
			dependencies = (
				30E1A31B2F4866FE007A7B80 /* PBXTargetDependency */,
			);
			fileSystemSynchronizedGroups = (
				30E1A31C2F4866FE007A7B80 /* SimpleNotepadTests */,
			);
			name = SimpleNotepadTests;
			packageProductDependencies = (
			);
			productName = SimpleNotepadTests;
			productReference = 30E1A3192F4866FE007A7B80 /* SimpleNotepadTests.xctest */;
			productType = "com.apple.product-type.bundle.unit-test";
		};
		30E1A3222F4866FE007A7B80 /* SimpleNotepadUITests */ = {
			isa = PBXNativeTarget;
			buildConfigurationList = 30E1A3332F4866FE007A7B80 /* Build configuration list for PBXNativeTarget "SimpleNotepadUITests" */;
			buildPhases = (
				30E1A31F2F4866FE007A7B80 /* Sources */,
				30E1A3202F4866FE007A7B80 /* Frameworks */,
				30E1A3212F4866FE007A7B80 /* Resources */,
			);
			buildRules = (
			);
			dependencies = (
				30E1A3252F4866FE007A7B80 /* PBXTargetDependency */,
			);
			fileSystemSynchronizedGroups = (
				30E1A3262F4866FE007A7B80 /* SimpleNotepadUITests */,
			);
			name = SimpleNotepadUITests;
			packageProductDependencies = (
			);
			productName = SimpleNotepadUITests;
			productReference = 30E1A3232F4866FE007A7B80 /* SimpleNotepadUITests.xctest */;
			productType = "com.apple.product-type.bundle.ui-testing";
		};
/* End PBXNativeTarget section */

/* Begin PBXProject section */
		30E1A3002F4866FC007A7B80 /* Project object */ = {
			isa = PBXProject;
			attributes = {
				BuildIndependentTargetsInParallel = 1;
				LastSwiftUpdateCheck = 1620;
				LastUpgradeCheck = 1620;
				TargetAttributes = {
					30E1A3072F4866FC007A7B80 = {
						CreatedOnToolsVersion = 16.2;
					};
					30E1A3182F4866FE007A7B80 = {
						CreatedOnToolsVersion = 16.2;
						TestTargetID = 30E1A3072F4866FC007A7B80;
					};
					30E1A3222F4866FE007A7B80 = {
						CreatedOnToolsVersion = 16.2;
						TestTargetID = 30E1A3072F4866FC007A7B80;
					};
				};
			};
			buildConfigurationList = 30E1A3032F4866FC007A7B80 /* Build configuration list for PBXProject "SimpleNotepad" */;
			developmentRegion = en;
			hasScannedForEncodings = 0;
			knownRegions = (
				en,
				Base,
			);
			mainGroup = 30E1A2FF2F4866FC007A7B80;
			minimizedProjectReferenceProxies = 1;
			preferredProjectObjectVersion = 77;
			productRefGroup = 30E1A3092F4866FC007A7B80 /* Products */;
			projectDirPath = "";
			projectRoot = "";
			targets = (
				30E1A3072F4866FC007A7B80 /* SimpleNotepad */,
				30E1A3182F4866FE007A7B80 /* SimpleNotepadTests */,
				30E1A3222F4866FE007A7B80 /* SimpleNotepadUITests */,
			);
		};
/* End PBXProject section */

/* Begin PBXResourcesBuildPhase section */
		30E1A3062F4866FC007A7B80 /* Resources */ = {
			isa = PBXResourcesBuildPhase;
			buildActionMask = 2147483647;
			files = (
			);
			runOnlyForDeploymentPostprocessing = 0;
		};
		30E1A3172F4866FE007A7B80 /* Resources */ = {
			isa = PBXResourcesBuildPhase;
			buildActionMask = 2147483647;
			files = (
			);
			runOnlyForDeploymentPostprocessing = 0;
		};
		30E1A3212F4866FE007A7B80 /* Resources */ = {
			isa = PBXResourcesBuildPhase;
			buildActionMask = 2147483647;
			files = (
			);
			runOnlyForDeploymentPostprocessing = 0;
		};
/* End PBXResourcesBuildPhase section */

/* Begin PBXSourcesBuildPhase section */
		30E1A3042F4866FC007A7B80 /* Sources */ = {
			isa = PBXSourcesBuildPhase;
			buildActionMask = 2147483647;
			files = (
			);
			runOnlyForDeploymentPostprocessing = 0;
		};
		30E1A3152F4866FE007A7B80 /* Sources */ = {
			isa = PBXSourcesBuildPhase;
			buildActionMask = 2147483647;
			files = (
			);
			runOnlyForDeploymentPostprocessing = 0;
		};
		30E1A31F2F4866FE007A7B80 /* Sources */ = {
			isa = PBXSourcesBuildPhase;
			buildActionMask = 2147483647;
			files = (
			);
			runOnlyForDeploymentPostprocessing = 0;
		};
/* End PBXSourcesBuildPhase section */

/* Begin PBXTargetDependency section */
		30E1A31B2F4866FE007A7B80 /* PBXTargetDependency */ = {
			isa = PBXTargetDependency;
			target = 30E1A3072F4866FC007A7B80 /* SimpleNotepad */;
			targetProxy = 30E1A31A2F4866FE007A7B80 /* PBXContainerItemProxy */;
		};
		30E1A3252F4866FE007A7B80 /* PBXTargetDependency */ = {
			isa = PBXTargetDependency;
			target = 30E1A3072F4866FC007A7B80 /* SimpleNotepad */;
			targetProxy = 30E1A3242F4866FE007A7B80 /* PBXContainerItemProxy */;
		};
/* End PBXTargetDependency section */

/* Begin XCBuildConfiguration section */
		30E1A32B2F4866FE007A7B80 /* Debug */ = {
			isa = XCBuildConfiguration;
			buildSettings = {
				ALWAYS_SEARCH_USER_PATHS = NO;
				ASSETCATALOG_COMPILER_GENERATE_SWIFT_ASSET_SYMBOL_EXTENSIONS = YES;
				CLANG_ANALYZER_NONNULL = YES;
				CLANG_ANALYZER_NUMBER_OBJECT_CONVERSION = YES_AGGRESSIVE;
				CLANG_CXX_LANGUAGE_STANDARD = "gnu++20";
				CLANG_ENABLE_MODULES = YES;
				CLANG_ENABLE_OBJC_ARC = YES;
				CLANG_ENABLE_OBJC_WEAK = YES;
				CLANG_WARN_BLOCK_CAPTURE_AUTORELEASING = YES;
				CLANG_WARN_BOOL_CONVERSION = YES;
				CLANG_WARN_COMMA = YES;
				CLANG_WARN_CONSTANT_CONVERSION = YES;
				CLANG_WARN_DEPRECATED_OBJC_IMPLEMENTATIONS = YES;
				CLANG_WARN_DIRECT_OBJC_ISA_USAGE = YES_ERROR;
				CLANG_WARN_DOCUMENTATION_COMMENTS = YES;
				CLANG_WARN_EMPTY_BODY = YES;
				CLANG_WARN_ENUM_CONVERSION = YES;
				CLANG_WARN_INFINITE_RECURSION = YES;
				CLANG_WARN_INT_CONVERSION = YES;
				CLANG_WARN_NON_LITERAL_NULL_CONVERSION = YES;
				CLANG_WARN_OBJC_IMPLICIT_RETAIN_SELF = YES;
				CLANG_WARN_OBJC_LITERAL_CONVERSION = YES;
				CLANG_WARN_OBJC_ROOT_CLASS = YES_ERROR;
				CLANG_WARN_QUOTED_INCLUDE_IN_FRAMEWORK_HEADER = YES;
				CLANG_WARN_RANGE_LOOP_ANALYSIS = YES;
				CLANG_WARN_STRICT_PROTOTYPES = YES;
				CLANG_WARN_SUSPICIOUS_MOVE = YES;
				CLANG_WARN_UNGUARDED_AVAILABILITY = YES_AGGRESSIVE;
				CLANG_WARN_UNREACHABLE_CODE = YES;
				CLANG_WARN__DUPLICATE_METHOD_MATCH = YES;
				COPY_PHASE_STRIP = NO;
				DEBUG_INFORMATION_FORMAT = dwarf;
				ENABLE_STRICT_OBJC_MSGSEND = YES;
				ENABLE_TESTABILITY = YES;
				ENABLE_USER_SCRIPT_SANDBOXING = YES;
				GCC_C_LANGUAGE_STANDARD = gnu17;
				GCC_DYNAMIC_NO_PIC = NO;
				GCC_NO_COMMON_BLOCKS = YES;
				GCC_OPTIMIZATION_LEVEL = 0;
				GCC_PREPROCESSOR_DEFINITIONS = (
					"DEBUG=1",
					"$(inherited)",
				);
				GCC_WARN_64_TO_32_BIT_CONVERSION = YES;
				GCC_WARN_ABOUT_RETURN_TYPE = YES_ERROR;
				GCC_WARN_UNDECLARED_SELECTOR = YES;
				GCC_WARN_UNINITIALIZED_AUTOS = YES_AGGRESSIVE;
				GCC_WARN_UNUSED_FUNCTION = YES;
				GCC_WARN_UNUSED_VARIABLE = YES;
				LOCALIZATION_PREFERS_STRING_CATALOGS = YES;
				MACOSX_DEPLOYMENT_TARGET = 15.1;
				MTL_ENABLE_DEBUG_INFO = INCLUDE_SOURCE;
				MTL_FAST_MATH = YES;
				ONLY_ACTIVE_ARCH = YES;
				SDKROOT = macosx;
				SWIFT_ACTIVE_COMPILATION_CONDITIONS = "DEBUG $(inherited)";
				SWIFT_OPTIMIZATION_LEVEL = "-Onone";
			};
			name = Debug;
		};
		30E1A32C2F4866FE007A7B80 /* Release */ = {
			isa = XCBuildConfiguration;
			buildSettings = {
				ALWAYS_SEARCH_USER_PATHS = NO;
				ASSETCATALOG_COMPILER_GENERATE_SWIFT_ASSET_SYMBOL_EXTENSIONS = YES;
				CLANG_ANALYZER_NONNULL = YES;
				CLANG_ANALYZER_NUMBER_OBJECT_CONVERSION = YES_AGGRESSIVE;
				CLANG_CXX_LANGUAGE_STANDARD = "gnu++20";
				CLANG_ENABLE_MODULES = YES;
				CLANG_ENABLE_OBJC_ARC = YES;
				CLANG_ENABLE_OBJC_WEAK = YES;
				CLANG_WARN_BLOCK_CAPTURE_AUTORELEASING = YES;
				CLANG_WARN_BOOL_CONVERSION = YES;
				CLANG_WARN_COMMA = YES;
				CLANG_WARN_CONSTANT_CONVERSION = YES;
				CLANG_WARN_DEPRECATED_OBJC_IMPLEMENTATIONS = YES;
				CLANG_WARN_DIRECT_OBJC_ISA_USAGE = YES_ERROR;
				CLANG_WARN_DOCUMENTATION_COMMENTS = YES;
				CLANG_WARN_EMPTY_BODY = YES;
				CLANG_WARN_ENUM_CONVERSION = YES;
				CLANG_WARN_INFINITE_RECURSION = YES;
				CLANG_WARN_INT_CONVERSION = YES;
				CLANG_WARN_NON_LITERAL_NULL_CONVERSION = YES;
				CLANG_WARN_OBJC_IMPLICIT_RETAIN_SELF = YES;
				CLANG_WARN_OBJC_LITERAL_CONVERSION = YES;
				CLANG_WARN_OBJC_ROOT_CLASS = YES_ERROR;
				CLANG_WARN_QUOTED_INCLUDE_IN_FRAMEWORK_HEADER = YES;
				CLANG_WARN_RANGE_LOOP_ANALYSIS = YES;
				CLANG_WARN_STRICT_PROTOTYPES = YES;
				CLANG_WARN_SUSPICIOUS_MOVE = YES;
				CLANG_WARN_UNGUARDED_AVAILABILITY = YES_AGGRESSIVE;
				CLANG_WARN_UNREACHABLE_CODE = YES;
				CLANG_WARN__DUPLICATE_METHOD_MATCH = YES;
				COPY_PHASE_STRIP = NO;
				DEBUG_INFORMATION_FORMAT = "dwarf-with-dsym";
				ENABLE_NS_ASSERTIONS = NO;
				ENABLE_STRICT_OBJC_MSGSEND = YES;
				ENABLE_USER_SCRIPT_SANDBOXING = YES;
				GCC_C_LANGUAGE_STANDARD = gnu17;
				GCC_NO_COMMON_BLOCKS = YES;
				GCC_WARN_64_TO_32_BIT_CONVERSION = YES;
				GCC_WARN_ABOUT_RETURN_TYPE = YES_ERROR;
				GCC_WARN_UNDECLARED_SELECTOR = YES;
				GCC_WARN_UNINITIALIZED_AUTOS = YES_AGGRESSIVE;
				GCC_WARN_UNUSED_FUNCTION = YES;
				GCC_WARN_UNUSED_VARIABLE = YES;
				LOCALIZATION_PREFERS_STRING_CATALOGS = YES;
				MACOSX_DEPLOYMENT_TARGET = 15.1;
				MTL_ENABLE_DEBUG_INFO = NO;
				MTL_FAST_MATH = YES;
				SDKROOT = macosx;
				SWIFT_COMPILATION_MODE = wholemodule;
			};
			name = Release;
		};
		30E1A32E2F4866FE007A7B80 /* Debug */ = {
			isa = XCBuildConfiguration;
			buildSettings = {
				ASSETCATALOG_COMPILER_APPICON_NAME = AppIcon;
				ASSETCATALOG_COMPILER_GLOBAL_ACCENT_COLOR_NAME = AccentColor;
				CODE_SIGN_ENTITLEMENTS = SimpleNotepad/SimpleNotepad.entitlements;
				CODE_SIGN_STYLE = Automatic;
				COMBINE_HIDPI_IMAGES = YES;
				CURRENT_PROJECT_VERSION = 1;
				DEVELOPMENT_ASSET_PATHS = "\"SimpleNotepad/Preview Content\"";
				ENABLE_PREVIEWS = YES;
				GENERATE_INFOPLIST_FILE = YES;
				INFOPLIST_KEY_NSHumanReadableCopyright = "";
				LD_RUNPATH_SEARCH_PATHS = (
					"$(inherited)",
					"@executable_path/../Frameworks",
				);
				MARKETING_VERSION = 1.0;
				PRODUCT_BUNDLE_IDENTIFIER = www.arpo.cc.SimpleNotepad;
				PRODUCT_NAME = "$(TARGET_NAME)";
				SWIFT_EMIT_LOC_STRINGS = YES;
				SWIFT_VERSION = 5.0;
			};
			name = Debug;
		};
		30E1A32F2F4866FE007A7B80 /* Release */ = {
			isa = XCBuildConfiguration;
			buildSettings = {
				ASSETCATALOG_COMPILER_APPICON_NAME = AppIcon;
				ASSETCATALOG_COMPILER_GLOBAL_ACCENT_COLOR_NAME = AccentColor;
				CODE_SIGN_ENTITLEMENTS = SimpleNotepad/SimpleNotepad.entitlements;
				CODE_SIGN_STYLE = Automatic;
				COMBINE_HIDPI_IMAGES = YES;
				CURRENT_PROJECT_VERSION = 1;
				DEVELOPMENT_ASSET_PATHS = "\"SimpleNotepad/Preview Content\"";
				ENABLE_PREVIEWS = YES;
				GENERATE_INFOPLIST_FILE = YES;
				INFOPLIST_KEY_NSHumanReadableCopyright = "";
				LD_RUNPATH_SEARCH_PATHS = (
					"$(inherited)",
					"@executable_path/../Frameworks",
				);
				MARKETING_VERSION = 1.0;
				PRODUCT_BUNDLE_IDENTIFIER = www.arpo.cc.SimpleNotepad;
				PRODUCT_NAME = "$(TARGET_NAME)";
				SWIFT_EMIT_LOC_STRINGS = YES;
				SWIFT_VERSION = 5.0;
			};
			name = Release;
		};
		30E1A3312F4866FE007A7B80 /* Debug */ = {
			isa = XCBuildConfiguration;
			buildSettings = {
				BUNDLE_LOADER = "$(TEST_HOST)";
				CODE_SIGN_STYLE = Automatic;
				CURRENT_PROJECT_VERSION = 1;
				GENERATE_INFOPLIST_FILE = YES;
				MACOSX_DEPLOYMENT_TARGET = 15.1;
				MARKETING_VERSION = 1.0;
				PRODUCT_BUNDLE_IDENTIFIER = www.arpo.cc.SimpleNotepadTests;
				PRODUCT_NAME = "$(TARGET_NAME)";
				SWIFT_EMIT_LOC_STRINGS = NO;
				SWIFT_VERSION = 5.0;
				TEST_HOST = "$(BUILT_PRODUCTS_DIR)/SimpleNotepad.app/$(BUNDLE_EXECUTABLE_FOLDER_PATH)/SimpleNotepad";
			};
			name = Debug;
		};
		30E1A3322F4866FE007A7B80 /* Release */ = {
			isa = XCBuildConfiguration;
			buildSettings = {
				BUNDLE_LOADER = "$(TEST_HOST)";
				CODE_SIGN_STYLE = Automatic;
				CURRENT_PROJECT_VERSION = 1;
				GENERATE_INFOPLIST_FILE = YES;
				MACOSX_DEPLOYMENT_TARGET = 15.1;
				MARKETING_VERSION = 1.0;
				PRODUCT_BUNDLE_IDENTIFIER = www.arpo.cc.SimpleNotepadTests;
				PRODUCT_NAME = "$(TARGET_NAME)";
				SWIFT_EMIT_LOC_STRINGS = NO;
				SWIFT_VERSION = 5.0;
				TEST_HOST = "$(BUILT_PRODUCTS_DIR)/SimpleNotepad.app/$(BUNDLE_EXECUTABLE_FOLDER_PATH)/SimpleNotepad";
			};
			name = Release;
		};
		30E1A3342F4866FE007A7B80 /* Debug */ = {
			isa = XCBuildConfiguration;
			buildSettings = {
				CODE_SIGN_STYLE = Automatic;
				CURRENT_PROJECT_VERSION = 1;
				GENERATE_INFOPLIST_FILE = YES;
				MARKETING_VERSION = 1.0;
				PRODUCT_BUNDLE_IDENTIFIER = www.arpo.cc.SimpleNotepadUITests;
				PRODUCT_NAME = "$(TARGET_NAME)";
				SWIFT_EMIT_LOC_STRINGS = NO;
				SWIFT_VERSION = 5.0;
				TEST_TARGET_NAME = SimpleNotepad;
			};
			name = Debug;
		};
		30E1A3352F4866FE007A7B80 /* Release */ = {
			isa = XCBuildConfiguration;
			buildSettings = {
				CODE_SIGN_STYLE = Automatic;
				CURRENT_PROJECT_VERSION = 1;
				GENERATE_INFOPLIST_FILE = YES;
				MARKETING_VERSION = 1.0;
				PRODUCT_BUNDLE_IDENTIFIER = www.arpo.cc.SimpleNotepadUITests;
				PRODUCT_NAME = "$(TARGET_NAME)";
				SWIFT_EMIT_LOC_STRINGS = NO;
				SWIFT_VERSION = 5.0;
				TEST_TARGET_NAME = SimpleNotepad;
			};
			name = Release;
		};
/* End XCBuildConfiguration section */

/* Begin XCConfigurationList section */
		30E1A3032F4866FC007A7B80 /* Build configuration list for PBXProject "SimpleNotepad" */ = {
			isa = XCConfigurationList;
			buildConfigurations = (
				30E1A32B2F4866FE007A7B80 /* Debug */,
				30E1A32C2F4866FE007A7B80 /* Release */,
			);
			defaultConfigurationIsVisible = 0;
			defaultConfigurationName = Release;
		};
		30E1A32D2F4866FE007A7B80 /* Build configuration list for PBXNativeTarget "SimpleNotepad" */ = {
			isa = XCConfigurationList;
			buildConfigurations = (
				30E1A32E2F4866FE007A7B80 /* Debug */,
				30E1A32F2F4866FE007A7B80 /* Release */,
			);
			defaultConfigurationIsVisible = 0;
			defaultConfigurationName = Release;
		};
		30E1A3302F4866FE007A7B80 /* Build configuration list for PBXNativeTarget "SimpleNotepadTests" */ = {
			isa = XCConfigurationList;
			buildConfigurations = (
				30E1A3312F4866FE007A7B80 /* Debug */,
				30E1A3322F4866FE007A7B80 /* Release */,
			);
			defaultConfigurationIsVisible = 0;
			defaultConfigurationName = Release;
		};
		30E1A3332F4866FE007A7B80 /* Build configuration list for PBXNativeTarget "SimpleNotepadUITests" */ = {
			isa = XCConfigurationList;
			buildConfigurations = (
				30E1A3342F4866FE007A7B80 /* Debug */,
				30E1A3352F4866FE007A7B80 /* Release */,
			);
			defaultConfigurationIsVisible = 0;
			defaultConfigurationName = Release;
		};
/* End XCConfigurationList section */
	};
	rootObject = 30E1A3002F4866FC007A7B80 /* Project object */;
}
